
Microsoft Visual Studio Solution File, Format Version 12.00
# Visual Studio 15
VisualStudioVersion = 15.0.26430.13
MinimumVisualStudioVersion = 10.0.40219.1
Project("{FAE04EC0-301F-11D3-BF4B-00C04F79EFBC}") = "Dave_Menu", "Dave_Menu\Dave_Menu.csproj", "{775F794B-70D4-4187-A1FF-73A4D73AAAFB}"
EndProject
Global
	GlobalSection(SolutionConfigurationPlatforms) = preSolution
		Debug|Any CPU = Debug|Any CPU
		Release|Any CPU = Release|Any CPU
	EndGlobalSection
	GlobalSection(ProjectConfigurationPlatforms) = postSolution
		{775F794B-70D4-4187-A1FF-73A4D73AAAFB}.Debug|Any CPU.ActiveCfg = Debug|Any CPU
		{775F794B-70D4-4187-A1FF-73A4D73AAAFB}.Debug|Any CPU.Build.0 = Debug|Any CPU
		{775F794B-70D4-4187-A1FF-73A4D73AAAFB}.Release|Any CPU.ActiveCfg = Release|Any CPU
		{775F794B-70D4-4187-A1FF-73A4D73AAAFB}.Release|Any CPU.Build.0 = Release|Any CPU
	EndGlobalSection
	GlobalSection(SolutionProperties) = preSolution
		HideSolutionNode = FALSE
	EndGlobalSection
EndGlobal
